
Microsoft Visual Studio Solution File, Format Version 12.00
# Visual Studio Version 17
VisualStudioVersion = 17.6.33815.320
MinimumVisualStudioVersion = 10.0.40219.1
Project("{9A19103F-16F7-4668-BE54-9A1E7A4F7556}") = "FitnessAppWebApi", "FitnessAppWebApi\FitnessAppWebApi.csproj", "{75CEC637-B8B0-4263-BDA2-B401A08C5B65}"
EndProject
Project("{9A19103F-16F7-4668-BE54-9A1E7A4F7556}") = "FitnessAppWebApiUsers", "FitnessAppWebApiUsers\FitnessAppWebApiUsers.csproj", "{A9C2B58C-48E3-4BE7-BFC5-BE1A6F7D3B01}"
EndProject
Project("{FAE04EC0-301F-11D3-BF4B-00C04F79EFBC}") = "FitnessAppAPIGateway", "FitnessAppAPIGateway\FitnessAppAPIGateway.csproj", "{C839723F-8594-4B2E-99AE-A611F29459E3}"
EndProject
Global
	GlobalSection(SolutionConfigurationPlatforms) = preSolution
		Debug|Any CPU = Debug|Any CPU
		Release|Any CPU = Release|Any CPU
	EndGlobalSection
	GlobalSection(ProjectConfigurationPlatforms) = postSolution
		{75CEC637-B8B0-4263-BDA2-B401A08C5B65}.Debug|Any CPU.ActiveCfg = Debug|Any CPU
		{75CEC637-B8B0-4263-BDA2-B401A08C5B65}.Debug|Any CPU.Build.0 = Debug|Any CPU
		{75CEC637-B8B0-4263-BDA2-B401A08C5B65}.Release|Any CPU.ActiveCfg = Release|Any CPU
		{75CEC637-B8B0-4263-BDA2-B401A08C5B65}.Release|Any CPU.Build.0 = Release|Any CPU
		{A9C2B58C-48E3-4BE7-BFC5-BE1A6F7D3B01}.Debug|Any CPU.ActiveCfg = Debug|Any CPU
		{A9C2B58C-48E3-4BE7-BFC5-BE1A6F7D3B01}.Debug|Any CPU.Build.0 = Debug|Any CPU
		{A9C2B58C-48E3-4BE7-BFC5-BE1A6F7D3B01}.Release|Any CPU.ActiveCfg = Release|Any CPU
		{A9C2B58C-48E3-4BE7-BFC5-BE1A6F7D3B01}.Release|Any CPU.Build.0 = Release|Any CPU
		{C839723F-8594-4B2E-99AE-A611F29459E3}.Debug|Any CPU.ActiveCfg = Debug|Any CPU
		{C839723F-8594-4B2E-99AE-A611F29459E3}.Debug|Any CPU.Build.0 = Debug|Any CPU
		{C839723F-8594-4B2E-99AE-A611F29459E3}.Release|Any CPU.ActiveCfg = Release|Any CPU
		{C839723F-8594-4B2E-99AE-A611F29459E3}.Release|Any CPU.Build.0 = Release|Any CPU
	EndGlobalSection
	GlobalSection(SolutionProperties) = preSolution
		HideSolutionNode = FALSE
	EndGlobalSection
	GlobalSection(ExtensibilityGlobals) = postSolution
		SolutionGuid = {97119A4B-D5A9-48AD-A021-9030F95E6E48}
	EndGlobalSection
EndGlobal
